
Microsoft Visual Studio Solution File, Format Version 12.00
# Visual Studio 15
VisualStudioVersion = 15.0.28010.2026
MinimumVisualStudioVersion = 10.0.40219.1
Project("{9A19103F-16F7-4668-BE54-9A1E7A4F7556}") = "ClueLessServer", "ClueLessServer\ClueLessServer.csproj", "{0D1E7ADB-E029-499D-AF28-7524BC6C034F}"
EndProject
Project("{FAE04EC0-301F-11D3-BF4B-00C04F79EFBC}") = "ClueLessClient", "ClueLessClient\ClueLessClient.csproj", "{F10770D4-3B7C-4241-9352-E9F5F5F9D6CF}"
EndProject
Global
	GlobalSection(SolutionConfigurationPlatforms) = preSolution
		Debug|Any CPU = Debug|Any CPU
		Release|Any CPU = Release|Any CPU
	EndGlobalSection
	GlobalSection(ProjectConfigurationPlatforms) = postSolution
		{0D1E7ADB-E029-499D-AF28-7524BC6C034F}.Debug|Any CPU.ActiveCfg = Debug|Any CPU
		{0D1E7ADB-E029-499D-AF28-7524BC6C034F}.Debug|Any CPU.Build.0 = Debug|Any CPU
		{0D1E7ADB-E029-499D-AF28-7524BC6C034F}.Release|Any CPU.ActiveCfg = Release|Any CPU
		{0D1E7ADB-E029-499D-AF28-7524BC6C034F}.Release|Any CPU.Build.0 = Release|Any CPU
		{F10770D4-3B7C-4241-9352-E9F5F5F9D6CF}.Debug|Any CPU.ActiveCfg = Debug|Any CPU
		{F10770D4-3B7C-4241-9352-E9F5F5F9D6CF}.Debug|Any CPU.Build.0 = Debug|Any CPU
		{F10770D4-3B7C-4241-9352-E9F5F5F9D6CF}.Release|Any CPU.ActiveCfg = Release|Any CPU
		{F10770D4-3B7C-4241-9352-E9F5F5F9D6CF}.Release|Any CPU.Build.0 = Release|Any CPU
	EndGlobalSection
	GlobalSection(SolutionProperties) = preSolution
		HideSolutionNode = FALSE
	EndGlobalSection
	GlobalSection(ExtensibilityGlobals) = postSolution
		SolutionGuid = {C28E48D4-8A25-4728-AC64-024E2A4C564D}
	EndGlobalSection
EndGlobal
